{
  "nodes": {
    "helium": {
      "inputs": {
        "nixpkgs": [
          "nixpkgs"
        ]
      },
      "locked": {
        "lastModified": 1788773794,
        "narHash": "sha256-Zeg4kyCzmn9Ncc4Q6RgtSkdbgzXt0b1uxWgmsp4Y+Nw=",
        "owner": "amaanq",
        "repo": "helium-flake",
        "rev": "32d6c84462fe4363f4794cb1226b3507fde8c9bb",
        "type": "github"
      },
      "original": {
        "owner": "amaanq",
        "repo": "helium-flake",
        "type": "github"
      }
    },
    "home-manager": {
      "inputs": {
        "nixpkgs": [
          "nixpkgs"
        ]
      },
      "locked": {
        "lastModified": 1789320570,
        "narHash": "sha256-1Js4AJiWLV7U1SF3ok0J2tKbBEJYE5YpElGU+7fMbfo=",
        "owner": "nix-community",
        "repo": "home-manager",
        "rev": "87b3c74df02a2b2e691a24f3c82774f48a70c1bd",
        "type": "github"
      },
      "original": {
        "owner": "nix-community",
        "repo": "home-manager",
        "type": "github"
      }
    },
    "nixpkgs": {
      "locked": {
        "lastModified": 1789272173,
        "narHash": "sha256-OHIbKOhV9aFt5A3iyi7il3yibtBXe6L7daVEmi5IMGI=",
        "owner": "ricardomaps",
        "repo": "nixpkgs",
        "rev": "690c78f706b1c3c28e0cce8edfd77cbfb7781ca0",
        "type": "github"
      },
      "original": {
        "owner": "ricardomaps",
        "ref": "update-miracle",
        "repo": "nixpkgs",
        "type": "github"
      }
    },
    "root": {
      "inputs": {
        "helium": "helium",
        "home-manager": "home-manager",
        "nixpkgs": "nixpkgs"
      }
    }
  },
  "root": "root",
  "version": 7
}
